<?xml version="1.0" encoding="utf-8"?>
<Project ToolsVersion="17.0" xmlns="http://schemas.microsoft.com/developer/msbuild/2003">
  <ItemGroup>
    <CustomBuild Include="D:\PiccoloEngine\Piccolo\out_build\CMakeFiles\fb638e9f7b68720ac5c110d8ef0b65b6\axis.frag.spv.rule">
      <Filter>CMake Rules</Filter>
    </CustomBuild>
    <CustomBuild Include="D:\PiccoloEngine\Piccolo\out_build\CMakeFiles\6325bad01c23a511cfc1cb4d965dfb11\axis_frag.h.rule">
      <Filter>CMake Rules</Filter>
    </CustomBuild>
    <CustomBuild Include="D:\PiccoloEngine\Piccolo\out_build\CMakeFiles\fb638e9f7b68720ac5c110d8ef0b65b6\axis.vert.spv.rule">
      <Filter>CMake Rules</Filter>
    </CustomBuild>
    <CustomBuild Include="D:\PiccoloEngine\Piccolo\out_build\CMakeFiles\6325bad01c23a511cfc1cb4d965dfb11\axis_vert.h.rule">
      <Filter>CMake Rules</Filter>
    </CustomBuild>
    <CustomBuild Include="D:\PiccoloEngine\Piccolo\out_build\CMakeFiles\fb638e9f7b68720ac5c110d8ef0b65b6\color_grading.frag.spv.rule">
      <Filter>CMake Rules</Filter>
    </CustomBuild>
    <CustomBuild Include="D:\PiccoloEngine\Piccolo\out_build\CMakeFiles\6325bad01c23a511cfc1cb4d965dfb11\color_grading_frag.h.rule">
      <Filter>CMake Rules</Filter>
    </CustomBuild>
    <CustomBuild Include="D:\PiccoloEngine\Piccolo\out_build\CMakeFiles\fb638e9f7b68720ac5c110d8ef0b65b6\combine_ui.frag.spv.rule">
      <Filter>CMake Rules</Filter>
    </CustomBuild>
    <CustomBuild Include="D:\PiccoloEngine\Piccolo\out_build\CMakeFiles\6325bad01c23a511cfc1cb4d965dfb11\combine_ui_frag.h.rule">
      <Filter>CMake Rules</Filter>
    </CustomBuild>
    <CustomBuild Include="D:\PiccoloEngine\Piccolo\out_build\CMakeFiles\fb638e9f7b68720ac5c110d8ef0b65b6\debugdraw.frag.spv.rule">
      <Filter>CMake Rules</Filter>
    </CustomBuild>
    <CustomBuild Include="D:\PiccoloEngine\Piccolo\out_build\CMakeFiles\6325bad01c23a511cfc1cb4d965dfb11\debugdraw_frag.h.rule">
      <Filter>CMake Rules</Filter>
    </CustomBuild>
    <CustomBuild Include="D:\PiccoloEngine\Piccolo\out_build\CMakeFiles\fb638e9f7b68720ac5c110d8ef0b65b6\debugdraw.vert.spv.rule">
      <Filter>CMake Rules</Filter>
    </CustomBuild>
    <CustomBuild Include="D:\PiccoloEngine\Piccolo\out_build\CMakeFiles\6325bad01c23a511cfc1cb4d965dfb11\debugdraw_vert.h.rule">
      <Filter>CMake Rules</Filter>
    </CustomBuild>
    <CustomBuild Include="D:\PiccoloEngine\Piccolo\out_build\CMakeFiles\fb638e9f7b68720ac5c110d8ef0b65b6\deferred_lighting.frag.spv.rule">
      <Filter>CMake Rules</Filter>
    </CustomBuild>
    <CustomBuild Include="D:\PiccoloEngine\Piccolo\out_build\CMakeFiles\6325bad01c23a511cfc1cb4d965dfb11\deferred_lighting_frag.h.rule">
      <Filter>CMake Rules</Filter>
    </CustomBuild>
    <CustomBuild Include="D:\PiccoloEngine\Piccolo\out_build\CMakeFiles\fb638e9f7b68720ac5c110d8ef0b65b6\deferred_lighting.vert.spv.rule">
      <Filter>CMake Rules</Filter>
    </CustomBuild>
    <CustomBuild Include="D:\PiccoloEngine\Piccolo\out_build\CMakeFiles\6325bad01c23a511cfc1cb4d965dfb11\deferred_lighting_vert.h.rule">
      <Filter>CMake Rules</Filter>
    </CustomBuild>
    <CustomBuild Include="D:\PiccoloEngine\Piccolo\out_build\CMakeFiles\fb638e9f7b68720ac5c110d8ef0b65b6\fxaa.frag.spv.rule">
      <Filter>CMake Rules</Filter>
    </CustomBuild>
    <CustomBuild Include="D:\PiccoloEngine\Piccolo\out_build\CMakeFiles\6325bad01c23a511cfc1cb4d965dfb11\fxaa_frag.h.rule">
      <Filter>CMake Rules</Filter>
    </CustomBuild>
    <CustomBuild Include="D:\PiccoloEngine\Piccolo\out_build\CMakeFiles\fb638e9f7b68720ac5c110d8ef0b65b6\fxaa.vert.spv.rule">
      <Filter>CMake Rules</Filter>
    </CustomBuild>
    <CustomBuild Include="D:\PiccoloEngine\Piccolo\out_build\CMakeFiles\6325bad01c23a511cfc1cb4d965dfb11\fxaa_vert.h.rule">
      <Filter>CMake Rules</Filter>
    </CustomBuild>
    <CustomBuild Include="D:\PiccoloEngine\Piccolo\out_build\CMakeFiles\fb638e9f7b68720ac5c110d8ef0b65b6\mesh_directional_light_shadow.frag.spv.rule">
      <Filter>CMake Rules</Filter>
    </CustomBuild>
    <CustomBuild Include="D:\PiccoloEngine\Piccolo\out_build\CMakeFiles\6325bad01c23a511cfc1cb4d965dfb11\mesh_directional_light_shadow_frag.h.rule">
      <Filter>CMake Rules</Filter>
    </CustomBuild>
    <CustomBuild Include="D:\PiccoloEngine\Piccolo\out_build\CMakeFiles\fb638e9f7b68720ac5c110d8ef0b65b6\mesh_directional_light_shadow.vert.spv.rule">
      <Filter>CMake Rules</Filter>
    </CustomBuild>
    <CustomBuild Include="D:\PiccoloEngine\Piccolo\out_build\CMakeFiles\6325bad01c23a511cfc1cb4d965dfb11\mesh_directional_light_shadow_vert.h.rule">
      <Filter>CMake Rules</Filter>
    </CustomBuild>
    <CustomBuild Include="D:\PiccoloEngine\Piccolo\out_build\CMakeFiles\fb638e9f7b68720ac5c110d8ef0b65b6\mesh.frag.spv.rule">
      <Filter>CMake Rules</Filter>
    </CustomBuild>
    <CustomBuild Include="D:\PiccoloEngine\Piccolo\out_build\CMakeFiles\6325bad01c23a511cfc1cb4d965dfb11\mesh_frag.h.rule">
      <Filter>CMake Rules</Filter>
    </CustomBuild>
    <CustomBuild Include="D:\PiccoloEngine\Piccolo\out_build\CMakeFiles\fb638e9f7b68720ac5c110d8ef0b65b6\mesh_gbuffer.frag.spv.rule">
      <Filter>CMake Rules</Filter>
    </CustomBuild>
    <CustomBuild Include="D:\PiccoloEngine\Piccolo\out_build\CMakeFiles\6325bad01c23a511cfc1cb4d965dfb11\mesh_gbuffer_frag.h.rule">
      <Filter>CMake Rules</Filter>
    </CustomBuild>
    <CustomBuild Include="D:\PiccoloEngine\Piccolo\out_build\CMakeFiles\fb638e9f7b68720ac5c110d8ef0b65b6\mesh_inefficient_pick.frag.spv.rule">
      <Filter>CMake Rules</Filter>
    </CustomBuild>
    <CustomBuild Include="D:\PiccoloEngine\Piccolo\out_build\CMakeFiles\6325bad01c23a511cfc1cb4d965dfb11\mesh_inefficient_pick_frag.h.rule">
      <Filter>CMake Rules</Filter>
    </CustomBuild>
    <CustomBuild Include="D:\PiccoloEngine\Piccolo\out_build\CMakeFiles\fb638e9f7b68720ac5c110d8ef0b65b6\mesh_inefficient_pick.vert.spv.rule">
      <Filter>CMake Rules</Filter>
    </CustomBuild>
    <CustomBuild Include="D:\PiccoloEngine\Piccolo\out_build\CMakeFiles\6325bad01c23a511cfc1cb4d965dfb11\mesh_inefficient_pick_vert.h.rule">
      <Filter>CMake Rules</Filter>
    </CustomBuild>
    <CustomBuild Include="D:\PiccoloEngine\Piccolo\out_build\CMakeFiles\fb638e9f7b68720ac5c110d8ef0b65b6\mesh_point_light_shadow.frag.spv.rule">
      <Filter>CMake Rules</Filter>
    </CustomBuild>
    <CustomBuild Include="D:\PiccoloEngine\Piccolo\out_build\CMakeFiles\6325bad01c23a511cfc1cb4d965dfb11\mesh_point_light_shadow_frag.h.rule">
      <Filter>CMake Rules</Filter>
    </CustomBuild>
    <CustomBuild Include="D:\PiccoloEngine\Piccolo\out_build\CMakeFiles\fb638e9f7b68720ac5c110d8ef0b65b6\mesh_point_light_shadow.geom.spv.rule">
      <Filter>CMake Rules</Filter>
    </CustomBuild>
    <CustomBuild Include="D:\PiccoloEngine\Piccolo\out_build\CMakeFiles\6325bad01c23a511cfc1cb4d965dfb11\mesh_point_light_shadow_geom.h.rule">
      <Filter>CMake Rules</Filter>
    </CustomBuild>
    <CustomBuild Include="D:\PiccoloEngine\Piccolo\out_build\CMakeFiles\fb638e9f7b68720ac5c110d8ef0b65b6\mesh_point_light_shadow.vert.spv.rule">
      <Filter>CMake Rules</Filter>
    </CustomBuild>
    <CustomBuild Include="D:\PiccoloEngine\Piccolo\out_build\CMakeFiles\6325bad01c23a511cfc1cb4d965dfb11\mesh_point_light_shadow_vert.h.rule">
      <Filter>CMake Rules</Filter>
    </CustomBuild>
    <CustomBuild Include="D:\PiccoloEngine\Piccolo\out_build\CMakeFiles\fb638e9f7b68720ac5c110d8ef0b65b6\mesh.vert.spv.rule">
      <Filter>CMake Rules</Filter>
    </CustomBuild>
    <CustomBuild Include="D:\PiccoloEngine\Piccolo\out_build\CMakeFiles\6325bad01c23a511cfc1cb4d965dfb11\mesh_vert.h.rule">
      <Filter>CMake Rules</Filter>
    </CustomBuild>
    <CustomBuild Include="D:\PiccoloEngine\Piccolo\out_build\CMakeFiles\fb638e9f7b68720ac5c110d8ef0b65b6\particle_emit.comp.spv.rule">
      <Filter>CMake Rules</Filter>
    </CustomBuild>
    <CustomBuild Include="D:\PiccoloEngine\Piccolo\out_build\CMakeFiles\6325bad01c23a511cfc1cb4d965dfb11\particle_emit_comp.h.rule">
      <Filter>CMake Rules</Filter>
    </CustomBuild>
    <CustomBuild Include="D:\PiccoloEngine\Piccolo\out_build\CMakeFiles\fb638e9f7b68720ac5c110d8ef0b65b6\particle_kickoff.comp.spv.rule">
      <Filter>CMake Rules</Filter>
    </CustomBuild>
    <CustomBuild Include="D:\PiccoloEngine\Piccolo\out_build\CMakeFiles\6325bad01c23a511cfc1cb4d965dfb11\particle_kickoff_comp.h.rule">
      <Filter>CMake Rules</Filter>
    </CustomBuild>
    <CustomBuild Include="D:\PiccoloEngine\Piccolo\out_build\CMakeFiles\fb638e9f7b68720ac5c110d8ef0b65b6\particle_simulate.comp.spv.rule">
      <Filter>CMake Rules</Filter>
    </CustomBuild>
    <CustomBuild Include="D:\PiccoloEngine\Piccolo\out_build\CMakeFiles\6325bad01c23a511cfc1cb4d965dfb11\particle_simulate_comp.h.rule">
      <Filter>CMake Rules</Filter>
    </CustomBuild>
    <CustomBuild Include="D:\PiccoloEngine\Piccolo\out_build\CMakeFiles\fb638e9f7b68720ac5c110d8ef0b65b6\particlebillboard.frag.spv.rule">
      <Filter>CMake Rules</Filter>
    </CustomBuild>
    <CustomBuild Include="D:\PiccoloEngine\Piccolo\out_build\CMakeFiles\6325bad01c23a511cfc1cb4d965dfb11\particlebillboard_frag.h.rule">
      <Filter>CMake Rules</Filter>
    </CustomBuild>
    <CustomBuild Include="D:\PiccoloEngine\Piccolo\out_build\CMakeFiles\fb638e9f7b68720ac5c110d8ef0b65b6\particlebillboard.vert.spv.rule">
      <Filter>CMake Rules</Filter>
    </CustomBuild>
    <CustomBuild Include="D:\PiccoloEngine\Piccolo\out_build\CMakeFiles\6325bad01c23a511cfc1cb4d965dfb11\particlebillboard_vert.h.rule">
      <Filter>CMake Rules</Filter>
    </CustomBuild>
    <CustomBuild Include="D:\PiccoloEngine\Piccolo\out_build\CMakeFiles\fb638e9f7b68720ac5c110d8ef0b65b6\post_process.vert.spv.rule">
      <Filter>CMake Rules</Filter>
    </CustomBuild>
    <CustomBuild Include="D:\PiccoloEngine\Piccolo\out_build\CMakeFiles\6325bad01c23a511cfc1cb4d965dfb11\post_process_vert.h.rule">
      <Filter>CMake Rules</Filter>
    </CustomBuild>
    <CustomBuild Include="D:\PiccoloEngine\Piccolo\out_build\CMakeFiles\fb638e9f7b68720ac5c110d8ef0b65b6\skybox.frag.spv.rule">
      <Filter>CMake Rules</Filter>
    </CustomBuild>
    <CustomBuild Include="D:\PiccoloEngine\Piccolo\out_build\CMakeFiles\6325bad01c23a511cfc1cb4d965dfb11\skybox_frag.h.rule">
      <Filter>CMake Rules</Filter>
    </CustomBuild>
    <CustomBuild Include="D:\PiccoloEngine\Piccolo\out_build\CMakeFiles\fb638e9f7b68720ac5c110d8ef0b65b6\skybox.vert.spv.rule">
      <Filter>CMake Rules</Filter>
    </CustomBuild>
    <CustomBuild Include="D:\PiccoloEngine\Piccolo\out_build\CMakeFiles\6325bad01c23a511cfc1cb4d965dfb11\skybox_vert.h.rule">
      <Filter>CMake Rules</Filter>
    </CustomBuild>
    <CustomBuild Include="D:\PiccoloEngine\Piccolo\out_build\CMakeFiles\fb638e9f7b68720ac5c110d8ef0b65b6\tone_mapping.frag.spv.rule">
      <Filter>CMake Rules</Filter>
    </CustomBuild>
    <CustomBuild Include="D:\PiccoloEngine\Piccolo\out_build\CMakeFiles\6325bad01c23a511cfc1cb4d965dfb11\tone_mapping_frag.h.rule">
      <Filter>CMake Rules</Filter>
    </CustomBuild>
    <CustomBuild Include="D:\PiccoloEngine\Piccolo\out_build\CMakeFiles\4547497801f5fac19972a22516ebbfcf\PiccoloShaderCompile.rule">
      <Filter>CMake Rules</Filter>
    </CustomBuild>
    <CustomBuild Include="D:\PiccoloEngine\Piccolo\engine\shader\CMakeLists.txt" />
  </ItemGroup>
  <ItemGroup>
    <None Include="D:\PiccoloEngine\Piccolo\engine\shader\glsl\axis.frag">
      <Filter>shaders</Filter>
    </None>
    <None Include="D:\PiccoloEngine\Piccolo\engine\shader\glsl\axis.vert">
      <Filter>shaders</Filter>
    </None>
    <None Include="D:\PiccoloEngine\Piccolo\engine\shader\glsl\color_grading.frag">
      <Filter>shaders</Filter>
    </None>
    <None Include="D:\PiccoloEngine\Piccolo\engine\shader\glsl\combine_ui.frag">
      <Filter>shaders</Filter>
    </None>
    <None Include="D:\PiccoloEngine\Piccolo\engine\shader\glsl\debugdraw.frag">
      <Filter>shaders</Filter>
    </None>
    <None Include="D:\PiccoloEngine\Piccolo\engine\shader\glsl\debugdraw.vert">
      <Filter>shaders</Filter>
    </None>
    <None Include="D:\PiccoloEngine\Piccolo\engine\shader\glsl\deferred_lighting.frag">
      <Filter>shaders</Filter>
    </None>
    <None Include="D:\PiccoloEngine\Piccolo\engine\shader\glsl\deferred_lighting.vert">
      <Filter>shaders</Filter>
    </None>
    <None Include="D:\PiccoloEngine\Piccolo\engine\shader\glsl\fxaa.frag">
      <Filter>shaders</Filter>
    </None>
    <None Include="D:\PiccoloEngine\Piccolo\engine\shader\glsl\fxaa.vert">
      <Filter>shaders</Filter>
    </None>
    <None Include="D:\PiccoloEngine\Piccolo\engine\shader\glsl\mesh.frag">
      <Filter>shaders</Filter>
    </None>
    <None Include="D:\PiccoloEngine\Piccolo\engine\shader\glsl\mesh.vert">
      <Filter>shaders</Filter>
    </None>
    <None Include="D:\PiccoloEngine\Piccolo\engine\shader\glsl\mesh_directional_light_shadow.frag">
      <Filter>shaders</Filter>
    </None>
    <None Include="D:\PiccoloEngine\Piccolo\engine\shader\glsl\mesh_directional_light_shadow.vert">
      <Filter>shaders</Filter>
    </None>
    <None Include="D:\PiccoloEngine\Piccolo\engine\shader\glsl\mesh_gbuffer.frag">
      <Filter>shaders</Filter>
    </None>
    <None Include="D:\PiccoloEngine\Piccolo\engine\shader\glsl\mesh_inefficient_pick.frag">
      <Filter>shaders</Filter>
    </None>
    <None Include="D:\PiccoloEngine\Piccolo\engine\shader\glsl\mesh_inefficient_pick.vert">
      <Filter>shaders</Filter>
    </None>
    <None Include="D:\PiccoloEngine\Piccolo\engine\shader\glsl\mesh_point_light_shadow.frag">
      <Filter>shaders</Filter>
    </None>
    <None Include="D:\PiccoloEngine\Piccolo\engine\shader\glsl\mesh_point_light_shadow.geom">
      <Filter>shaders</Filter>
    </None>
    <None Include="D:\PiccoloEngine\Piccolo\engine\shader\glsl\mesh_point_light_shadow.vert">
      <Filter>shaders</Filter>
    </None>
    <None Include="D:\PiccoloEngine\Piccolo\engine\shader\glsl\particle_emit.comp">
      <Filter>shaders</Filter>
    </None>
    <None Include="D:\PiccoloEngine\Piccolo\engine\shader\glsl\particle_kickoff.comp">
      <Filter>shaders</Filter>
    </None>
    <None Include="D:\PiccoloEngine\Piccolo\engine\shader\glsl\particle_simulate.comp">
      <Filter>shaders</Filter>
    </None>
    <None Include="D:\PiccoloEngine\Piccolo\engine\shader\glsl\particlebillboard.frag">
      <Filter>shaders</Filter>
    </None>
    <None Include="D:\PiccoloEngine\Piccolo\engine\shader\glsl\particlebillboard.vert">
      <Filter>shaders</Filter>
    </None>
    <None Include="D:\PiccoloEngine\Piccolo\engine\shader\glsl\post_process.vert">
      <Filter>shaders</Filter>
    </None>
    <None Include="D:\PiccoloEngine\Piccolo\engine\shader\glsl\skybox.frag">
      <Filter>shaders</Filter>
    </None>
    <None Include="D:\PiccoloEngine\Piccolo\engine\shader\glsl\skybox.vert">
      <Filter>shaders</Filter>
    </None>
    <None Include="D:\PiccoloEngine\Piccolo\engine\shader\glsl\tone_mapping.frag">
      <Filter>shaders</Filter>
    </None>
    <None Include="D:\PiccoloEngine\Piccolo\out_build\engine\shader\CMakeFiles\PiccoloShaderCompile" />
  </ItemGroup>
  <ItemGroup>
    <Filter Include="CMake Rules">
      <UniqueIdentifier>{C972CBFF-D6B1-3D06-8464-B23C1E261BB9}</UniqueIdentifier>
    </Filter>
    <Filter Include="shaders">
      <UniqueIdentifier>{3D211362-C56B-3814-BBF0-63A5AE59368D}</UniqueIdentifier>
    </Filter>
  </ItemGroup>
</Project>
