<?xml version="1.0" encoding="utf-8"?>
<Project ToolsVersion="17.0" xmlns="http://schemas.microsoft.com/developer/msbuild/2003">
  <ItemGroup>
    <ClCompile Include="D:\PiccoloEngine\Piccolo\engine\3rdparty\json11\json11.cpp">
      <Filter>Source Files</Filter>
    </ClCompile>
  </ItemGroup>
  <ItemGroup>
    <CustomBuild Include="D:\PiccoloEngine\Piccolo\engine\source\runtime\CMakeLists.txt" />
  </ItemGroup>
  <ItemGroup>
    <Filter Include="Source Files">
      <UniqueIdentifier>{4CF707B3-ACC3-33DF-8FAD-0DD258DB5F3A}</UniqueIdentifier>
    </Filter>
  </ItemGroup>
</Project>
